
Microsoft Visual Studio Solution File, Format Version 12.00
Project("{FAE04EC0-301F-11D3-BF4B-00C04F79EFBC}") = "cinema-reservations", "cinema-reservations\cinema-reservations.csproj", "{CE82E3F0-9035-4A7B-A57E-C74A056A9C74}"
EndProject
Global
	GlobalSection(SolutionConfigurationPlatforms) = preSolution
		Debug|Any CPU = Debug|Any CPU
		Release|Any CPU = Release|Any CPU
	EndGlobalSection
	GlobalSection(ProjectConfigurationPlatforms) = postSolution
		{CE82E3F0-9035-4A7B-A57E-C74A056A9C74}.Debug|Any CPU.ActiveCfg = Debug|Any CPU
		{CE82E3F0-9035-4A7B-A57E-C74A056A9C74}.Debug|Any CPU.Build.0 = Debug|Any CPU
		{CE82E3F0-9035-4A7B-A57E-C74A056A9C74}.Release|Any CPU.ActiveCfg = Release|Any CPU
		{CE82E3F0-9035-4A7B-A57E-C74A056A9C74}.Release|Any CPU.Build.0 = Release|Any CPU
	EndGlobalSection
EndGlobal
